
Microsoft Visual Studio Solution File, Format Version 12.00
# Visual Studio 15
VisualStudioVersion = 15.0.26403.7
MinimumVisualStudioVersion = 10.0.40219.1
Project("{FAE04EC0-301F-11D3-BF4B-00C04F79EFBC}") = "specTestApp.Web", "specTestApp.Web\specTestApp.Web.csproj", "{1412EC23-B938-4A2B-B5A7-7A08285C88C2}"
EndProject
Project("{FAE04EC0-301F-11D3-BF4B-00C04F79EFBC}") = "specTestApp.Services", "specTestApp.Services\specTestApp.Services.csproj", "{30B39D58-20EF-4167-BC70-54530C67626A}"
EndProject
Project("{FAE04EC0-301F-11D3-BF4B-00C04F79EFBC}") = "specTestApp.Data", "specTestApp.Data\specTestApp.Data.csproj", "{AE328C62-7061-4494-96E5-4C8F878049F2}"
EndProject
Global
	GlobalSection(SolutionConfigurationPlatforms) = preSolution
		Debug|Any CPU = Debug|Any CPU
		Release|Any CPU = Release|Any CPU
	EndGlobalSection
	GlobalSection(ProjectConfigurationPlatforms) = postSolution
		{1412EC23-B938-4A2B-B5A7-7A08285C88C2}.Debug|Any CPU.ActiveCfg = Debug|Any CPU
		{1412EC23-B938-4A2B-B5A7-7A08285C88C2}.Debug|Any CPU.Build.0 = Debug|Any CPU
		{1412EC23-B938-4A2B-B5A7-7A08285C88C2}.Release|Any CPU.ActiveCfg = Release|Any CPU
		{1412EC23-B938-4A2B-B5A7-7A08285C88C2}.Release|Any CPU.Build.0 = Release|Any CPU
		{30B39D58-20EF-4167-BC70-54530C67626A}.Debug|Any CPU.ActiveCfg = Debug|Any CPU
		{30B39D58-20EF-4167-BC70-54530C67626A}.Debug|Any CPU.Build.0 = Debug|Any CPU
		{30B39D58-20EF-4167-BC70-54530C67626A}.Release|Any CPU.ActiveCfg = Release|Any CPU
		{30B39D58-20EF-4167-BC70-54530C67626A}.Release|Any CPU.Build.0 = Release|Any CPU
		{AE328C62-7061-4494-96E5-4C8F878049F2}.Debug|Any CPU.ActiveCfg = Debug|Any CPU
		{AE328C62-7061-4494-96E5-4C8F878049F2}.Debug|Any CPU.Build.0 = Debug|Any CPU
		{AE328C62-7061-4494-96E5-4C8F878049F2}.Release|Any CPU.ActiveCfg = Release|Any CPU
		{AE328C62-7061-4494-96E5-4C8F878049F2}.Release|Any CPU.Build.0 = Release|Any CPU
	EndGlobalSection
	GlobalSection(SolutionProperties) = preSolution
		HideSolutionNode = FALSE
	EndGlobalSection
EndGlobal
